
Microsoft Visual Studio Solution File, Format Version 12.00
# Visual Studio Version 17
VisualStudioVersion = 17.12.35707.178 d17.12
MinimumVisualStudioVersion = 10.0.40219.1
Project("{FAE04EC0-301F-11D3-BF4B-00C04F79EFBC}") = "AdPlatformSelector", "PlatformSelector\AdPlatformSelector.csproj", "{11716DFD-4477-4E2F-81DF-DF6FA99F88E5}"
EndProject
Project("{FAE04EC0-301F-11D3-BF4B-00C04F79EFBC}") = "AdPlatformSelector.Tests", "AdPlatformSelector.Tests\AdPlatformSelector.Tests.csproj", "{8FFC7836-C66C-41CB-B84C-996A5DCFD19B}"
EndProject
Global
	GlobalSection(SolutionConfigurationPlatforms) = preSolution
		Debug|Any CPU = Debug|Any CPU
		Release|Any CPU = Release|Any CPU
	EndGlobalSection
	GlobalSection(ProjectConfigurationPlatforms) = postSolution
		{11716DFD-4477-4E2F-81DF-DF6FA99F88E5}.Debug|Any CPU.ActiveCfg = Debug|Any CPU
		{11716DFD-4477-4E2F-81DF-DF6FA99F88E5}.Debug|Any CPU.Build.0 = Debug|Any CPU
		{11716DFD-4477-4E2F-81DF-DF6FA99F88E5}.Release|Any CPU.ActiveCfg = Release|Any CPU
		{11716DFD-4477-4E2F-81DF-DF6FA99F88E5}.Release|Any CPU.Build.0 = Release|Any CPU
		{8FFC7836-C66C-41CB-B84C-996A5DCFD19B}.Debug|Any CPU.ActiveCfg = Debug|Any CPU
		{8FFC7836-C66C-41CB-B84C-996A5DCFD19B}.Debug|Any CPU.Build.0 = Debug|Any CPU
		{8FFC7836-C66C-41CB-B84C-996A5DCFD19B}.Release|Any CPU.ActiveCfg = Release|Any CPU
		{8FFC7836-C66C-41CB-B84C-996A5DCFD19B}.Release|Any CPU.Build.0 = Release|Any CPU
	EndGlobalSection
	GlobalSection(SolutionProperties) = preSolution
		HideSolutionNode = FALSE
	EndGlobalSection
EndGlobal
